# THIS IS AN AUTOGENERATED FILE. DO NOT EDIT THIS FILE DIRECTLY.
# yarn lockfile v1


flow-parser@^0.210.2:
  version "0.210.2"
  resolved "https://registry.yarnpkg.com/flow-parser/-/flow-parser-0.210.2.tgz#6a61f699676fec37b95a5e125a82e1cbd1184830"
  integrity sha512-kQiVau1WnXMCxJziuOF9wk4EoE/sPTU5H7dWOJN+7lsh+tmUh6LXz1dcLE44D+ouVIg8RRnfRZQymZqzKfh5fA==

flow-remove-types@^2.210.2:
  version "2.210.2"
  resolved "https://registry.yarnpkg.com/flow-remove-types/-/flow-remove-types-2.210.2.tgz#354fbaba17da96c10ea5aebd43b2b0945ba81f21"
  integrity sha512-WsXDcpKy4AHAA46bOMr6uGtU22gr7tfR/1oqCNauHHBgkeJlZdgXavkoXgxwV05x0ui1tnpkW48cYVUftc3ccw==
  dependencies:
    flow-parser "^0.210.2"
    pirates "^3.0.2"
    vlq "^0.2.1"

node-modules-regexp@^1.0.0:
  version "1.0.0"
  resolved "https://registry.yarnpkg.com/node-modules-regexp/-/node-modules-regexp-1.0.0.tgz#8d9dbe28964a4ac5712e9131642107c71e90ec40"
  integrity sha512-JMaRS9L4wSRIR+6PTVEikTrq/lMGEZR43a48ETeilY0Q0iMwVnccMFrUM1k+tNzmYuIU0Vh710bCUqHX+/+ctQ==

pirates@^3.0.2:
  version "3.0.2"
  resolved "https://registry.yarnpkg.com/pirates/-/pirates-3.0.2.tgz#7e6f85413fd9161ab4e12b539b06010d85954bb9"
  integrity sha512-c5CgUJq6H2k6MJz72Ak1F5sN9n9wlSlJyEnwvpm9/y3WB4E3pHBDT2c6PEiS1vyJvq2bUxUAIu0EGf8Cx4Ic7Q==
  dependencies:
    node-modules-regexp "^1.0.0"

vlq@^0.2.1:
  version "0.2.3"
  resolved "https://registry.yarnpkg.com/vlq/-/vlq-0.2.3.tgz#8f3e4328cf63b1540c0d67e1b2778386f8975b26"
  integrity sha512-DRibZL6DsNhIgYQ+wNdWDL2SL3bKPlVrRiBqV5yuMm++op8W4kGFtaQfCs4KEJn0wBZcHVHJ3eoywX8983k1ow==
